
Microsoft Visual Studio Solution File, Format Version 12.00
# Visual Studio 14
VisualStudioVersion = 14.0.25420.1
MinimumVisualStudioVersion = 10.0.40219.1
Project("{FAE04EC0-301F-11D3-BF4B-00C04F79EFBC}") = "Core", "Core\Core.csproj", "{49E63BF7-B832-42EC-98FC-68DCAC446338}"
EndProject
Project("{FAE04EC0-301F-11D3-BF4B-00C04F79EFBC}") = "StreamRC", "StreamRC\StreamRC.csproj", "{07784283-4C89-44EA-9306-7F7B08B3EB6A}"
EndProject
Project("{FAE04EC0-301F-11D3-BF4B-00C04F79EFBC}") = "Streaming", "Streaming\Streaming.csproj", "{EB1A1823-3D2B-4279-B58C-1C78904ED7D0}"
EndProject
Project("{FAE04EC0-301F-11D3-BF4B-00C04F79EFBC}") = "Twitch", "Twitch\Twitch.csproj", "{6F7EB6B2-6EEC-4E8F-AFF3-13AA4F63A1DC}"
EndProject
Project("{FAE04EC0-301F-11D3-BF4B-00C04F79EFBC}") = "Reviews", "Reviews\Reviews.csproj", "{C26F5ABE-8640-4937-94CA-499EDB614864}"
EndProject
Project("{FAE04EC0-301F-11D3-BF4B-00C04F79EFBC}") = "RPG", "RPG\RPG.csproj", "{8281ECBD-B3C7-422C-B546-5E458C35291D}"
EndProject
Project("{FAE04EC0-301F-11D3-BF4B-00C04F79EFBC}") = "Streaming.Tests", "Streaming.Tests\Streaming.Tests.csproj", "{F634DA72-93EF-4B5B-9122-B9BE7C0358FA}"
EndProject
Project("{FAE04EC0-301F-11D3-BF4B-00C04F79EFBC}") = "Cam", "Cam\Cam.csproj", "{2617DAC3-B974-4740-AAD3-CEF95E467EC4}"
EndProject
Project("{FAE04EC0-301F-11D3-BF4B-00C04F79EFBC}") = "Core.Tests", "Core.Tests\Core.Tests.csproj", "{A4BA0134-5ACA-48F3-A227-DE6FC789AA96}"
EndProject
Project("{FAE04EC0-301F-11D3-BF4B-00C04F79EFBC}") = "RPG.Tests", "RPG.Tests\RPG.Tests.csproj", "{ED9E3360-EE5D-4075-BAA6-A6C03F8184F7}"
EndProject
Project("{FAE04EC0-301F-11D3-BF4B-00C04F79EFBC}") = "Discord", "Discord\Discord.csproj", "{4AEE8A8E-F439-45C0-BF71-B1F22151E024}"
EndProject
Project("{FAE04EC0-301F-11D3-BF4B-00C04F79EFBC}") = "Youtube", "Youtube\Youtube.csproj", "{299901CD-0464-4332-9ED2-D4E2A5BD5079}"
EndProject
Project("{FAE04EC0-301F-11D3-BF4B-00C04F79EFBC}") = "Gangolf", "Gangolf\Gangolf.csproj", "{3440BEBE-440F-47DD-9AE4-C52AA4E0652A}"
EndProject
Global
	GlobalSection(SolutionConfigurationPlatforms) = preSolution
		Debug|Any CPU = Debug|Any CPU
		Debug|ARM = Debug|ARM
		Debug|x64 = Debug|x64
		Debug|x86 = Debug|x86
		Release|Any CPU = Release|Any CPU
		Release|ARM = Release|ARM
		Release|x64 = Release|x64
		Release|x86 = Release|x86
	EndGlobalSection
	GlobalSection(ProjectConfigurationPlatforms) = postSolution
		{49E63BF7-B832-42EC-98FC-68DCAC446338}.Debug|Any CPU.ActiveCfg = Debug|Any CPU
		{49E63BF7-B832-42EC-98FC-68DCAC446338}.Debug|Any CPU.Build.0 = Debug|Any CPU
		{49E63BF7-B832-42EC-98FC-68DCAC446338}.Debug|ARM.ActiveCfg = Debug|Any CPU
		{49E63BF7-B832-42EC-98FC-68DCAC446338}.Debug|ARM.Build.0 = Debug|Any CPU
		{49E63BF7-B832-42EC-98FC-68DCAC446338}.Debug|x64.ActiveCfg = Debug|Any CPU
		{49E63BF7-B832-42EC-98FC-68DCAC446338}.Debug|x64.Build.0 = Debug|Any CPU
		{49E63BF7-B832-42EC-98FC-68DCAC446338}.Debug|x86.ActiveCfg = Debug|Any CPU
		{49E63BF7-B832-42EC-98FC-68DCAC446338}.Debug|x86.Build.0 = Debug|Any CPU
		{49E63BF7-B832-42EC-98FC-68DCAC446338}.Release|Any CPU.ActiveCfg = Release|Any CPU
		{49E63BF7-B832-42EC-98FC-68DCAC446338}.Release|Any CPU.Build.0 = Release|Any CPU
		{49E63BF7-B832-42EC-98FC-68DCAC446338}.Release|ARM.ActiveCfg = Release|Any CPU
		{49E63BF7-B832-42EC-98FC-68DCAC446338}.Release|ARM.Build.0 = Release|Any CPU
		{49E63BF7-B832-42EC-98FC-68DCAC446338}.Release|x64.ActiveCfg = Release|Any CPU
		{49E63BF7-B832-42EC-98FC-68DCAC446338}.Release|x64.Build.0 = Release|Any CPU
		{49E63BF7-B832-42EC-98FC-68DCAC446338}.Release|x86.ActiveCfg = Release|Any CPU
		{49E63BF7-B832-42EC-98FC-68DCAC446338}.Release|x86.Build.0 = Release|Any CPU
		{07784283-4C89-44EA-9306-7F7B08B3EB6A}.Debug|Any CPU.ActiveCfg = Debug|Any CPU
		{07784283-4C89-44EA-9306-7F7B08B3EB6A}.Debug|Any CPU.Build.0 = Debug|Any CPU
		{07784283-4C89-44EA-9306-7F7B08B3EB6A}.Debug|ARM.ActiveCfg = Debug|Any CPU
		{07784283-4C89-44EA-9306-7F7B08B3EB6A}.Debug|ARM.Build.0 = Debug|Any CPU
		{07784283-4C89-44EA-9306-7F7B08B3EB6A}.Debug|x64.ActiveCfg = Debug|Any CPU
		{07784283-4C89-44EA-9306-7F7B08B3EB6A}.Debug|x64.Build.0 = Debug|Any CPU
		{07784283-4C89-44EA-9306-7F7B08B3EB6A}.Debug|x86.ActiveCfg = Debug|Any CPU
		{07784283-4C89-44EA-9306-7F7B08B3EB6A}.Debug|x86.Build.0 = Debug|Any CPU
		{07784283-4C89-44EA-9306-7F7B08B3EB6A}.Release|Any CPU.ActiveCfg = Release|Any CPU
		{07784283-4C89-44EA-9306-7F7B08B3EB6A}.Release|Any CPU.Build.0 = Release|Any CPU
		{07784283-4C89-44EA-9306-7F7B08B3EB6A}.Release|ARM.ActiveCfg = Release|Any CPU
		{07784283-4C89-44EA-9306-7F7B08B3EB6A}.Release|ARM.Build.0 = Release|Any CPU
		{07784283-4C89-44EA-9306-7F7B08B3EB6A}.Release|x64.ActiveCfg = Release|Any CPU
		{07784283-4C89-44EA-9306-7F7B08B3EB6A}.Release|x64.Build.0 = Release|Any CPU
		{07784283-4C89-44EA-9306-7F7B08B3EB6A}.Release|x86.ActiveCfg = Release|Any CPU
		{07784283-4C89-44EA-9306-7F7B08B3EB6A}.Release|x86.Build.0 = Release|Any CPU
		{EB1A1823-3D2B-4279-B58C-1C78904ED7D0}.Debug|Any CPU.ActiveCfg = Debug|Any CPU
		{EB1A1823-3D2B-4279-B58C-1C78904ED7D0}.Debug|Any CPU.Build.0 = Debug|Any CPU
		{EB1A1823-3D2B-4279-B58C-1C78904ED7D0}.Debug|ARM.ActiveCfg = Debug|Any CPU
		{EB1A1823-3D2B-4279-B58C-1C78904ED7D0}.Debug|ARM.Build.0 = Debug|Any CPU
		{EB1A1823-3D2B-4279-B58C-1C78904ED7D0}.Debug|x64.ActiveCfg = Debug|Any CPU
		{EB1A1823-3D2B-4279-B58C-1C78904ED7D0}.Debug|x64.Build.0 = Debug|Any CPU
		{EB1A1823-3D2B-4279-B58C-1C78904ED7D0}.Debug|x86.ActiveCfg = Debug|Any CPU
		{EB1A1823-3D2B-4279-B58C-1C78904ED7D0}.Debug|x86.Build.0 = Debug|Any CPU
		{EB1A1823-3D2B-4279-B58C-1C78904ED7D0}.Release|Any CPU.ActiveCfg = Release|Any CPU
		{EB1A1823-3D2B-4279-B58C-1C78904ED7D0}.Release|Any CPU.Build.0 = Release|Any CPU
		{EB1A1823-3D2B-4279-B58C-1C78904ED7D0}.Release|ARM.ActiveCfg = Release|Any CPU
		{EB1A1823-3D2B-4279-B58C-1C78904ED7D0}.Release|ARM.Build.0 = Release|Any CPU
		{EB1A1823-3D2B-4279-B58C-1C78904ED7D0}.Release|x64.ActiveCfg = Release|Any CPU
		{EB1A1823-3D2B-4279-B58C-1C78904ED7D0}.Release|x64.Build.0 = Release|Any CPU
		{EB1A1823-3D2B-4279-B58C-1C78904ED7D0}.Release|x86.ActiveCfg = Release|Any CPU
		{EB1A1823-3D2B-4279-B58C-1C78904ED7D0}.Release|x86.Build.0 = Release|Any CPU
		{6F7EB6B2-6EEC-4E8F-AFF3-13AA4F63A1DC}.Debug|Any CPU.ActiveCfg = Debug|Any CPU
		{6F7EB6B2-6EEC-4E8F-AFF3-13AA4F63A1DC}.Debug|Any CPU.Build.0 = Debug|Any CPU
		{6F7EB6B2-6EEC-4E8F-AFF3-13AA4F63A1DC}.Debug|ARM.ActiveCfg = Debug|Any CPU
		{6F7EB6B2-6EEC-4E8F-AFF3-13AA4F63A1DC}.Debug|ARM.Build.0 = Debug|Any CPU
		{6F7EB6B2-6EEC-4E8F-AFF3-13AA4F63A1DC}.Debug|x64.ActiveCfg = Debug|Any CPU
		{6F7EB6B2-6EEC-4E8F-AFF3-13AA4F63A1DC}.Debug|x64.Build.0 = Debug|Any CPU
		{6F7EB6B2-6EEC-4E8F-AFF3-13AA4F63A1DC}.Debug|x86.ActiveCfg = Debug|Any CPU
		{6F7EB6B2-6EEC-4E8F-AFF3-13AA4F63A1DC}.Debug|x86.Build.0 = Debug|Any CPU
		{6F7EB6B2-6EEC-4E8F-AFF3-13AA4F63A1DC}.Release|Any CPU.ActiveCfg = Release|Any CPU
		{6F7EB6B2-6EEC-4E8F-AFF3-13AA4F63A1DC}.Release|Any CPU.Build.0 = Release|Any CPU
		{6F7EB6B2-6EEC-4E8F-AFF3-13AA4F63A1DC}.Release|ARM.ActiveCfg = Release|Any CPU
		{6F7EB6B2-6EEC-4E8F-AFF3-13AA4F63A1DC}.Release|ARM.Build.0 = Release|Any CPU
		{6F7EB6B2-6EEC-4E8F-AFF3-13AA4F63A1DC}.Release|x64.ActiveCfg = Release|Any CPU
		{6F7EB6B2-6EEC-4E8F-AFF3-13AA4F63A1DC}.Release|x64.Build.0 = Release|Any CPU
		{6F7EB6B2-6EEC-4E8F-AFF3-13AA4F63A1DC}.Release|x86.ActiveCfg = Release|Any CPU
		{6F7EB6B2-6EEC-4E8F-AFF3-13AA4F63A1DC}.Release|x86.Build.0 = Release|Any CPU
		{C26F5ABE-8640-4937-94CA-499EDB614864}.Debug|Any CPU.ActiveCfg = Debug|Any CPU
		{C26F5ABE-8640-4937-94CA-499EDB614864}.Debug|Any CPU.Build.0 = Debug|Any CPU
		{C26F5ABE-8640-4937-94CA-499EDB614864}.Debug|ARM.ActiveCfg = Debug|Any CPU
		{C26F5ABE-8640-4937-94CA-499EDB614864}.Debug|ARM.Build.0 = Debug|Any CPU
		{C26F5ABE-8640-4937-94CA-499EDB614864}.Debug|x64.ActiveCfg = Debug|Any CPU
		{C26F5ABE-8640-4937-94CA-499EDB614864}.Debug|x64.Build.0 = Debug|Any CPU
		{C26F5ABE-8640-4937-94CA-499EDB614864}.Debug|x86.ActiveCfg = Debug|Any CPU
		{C26F5ABE-8640-4937-94CA-499EDB614864}.Debug|x86.Build.0 = Debug|Any CPU
		{C26F5ABE-8640-4937-94CA-499EDB614864}.Release|Any CPU.ActiveCfg = Release|Any CPU
		{C26F5ABE-8640-4937-94CA-499EDB614864}.Release|Any CPU.Build.0 = Release|Any CPU
		{C26F5ABE-8640-4937-94CA-499EDB614864}.Release|ARM.ActiveCfg = Release|Any CPU
		{C26F5ABE-8640-4937-94CA-499EDB614864}.Release|ARM.Build.0 = Release|Any CPU
		{C26F5ABE-8640-4937-94CA-499EDB614864}.Release|x64.ActiveCfg = Release|Any CPU
		{C26F5ABE-8640-4937-94CA-499EDB614864}.Release|x64.Build.0 = Release|Any CPU
		{C26F5ABE-8640-4937-94CA-499EDB614864}.Release|x86.ActiveCfg = Release|Any CPU
		{C26F5ABE-8640-4937-94CA-499EDB614864}.Release|x86.Build.0 = Release|Any CPU
		{8281ECBD-B3C7-422C-B546-5E458C35291D}.Debug|Any CPU.ActiveCfg = Debug|Any CPU
		{8281ECBD-B3C7-422C-B546-5E458C35291D}.Debug|Any CPU.Build.0 = Debug|Any CPU
		{8281ECBD-B3C7-422C-B546-5E458C35291D}.Debug|ARM.ActiveCfg = Debug|Any CPU
		{8281ECBD-B3C7-422C-B546-5E458C35291D}.Debug|ARM.Build.0 = Debug|Any CPU
		{8281ECBD-B3C7-422C-B546-5E458C35291D}.Debug|x64.ActiveCfg = Debug|Any CPU
		{8281ECBD-B3C7-422C-B546-5E458C35291D}.Debug|x64.Build.0 = Debug|Any CPU
		{8281ECBD-B3C7-422C-B546-5E458C35291D}.Debug|x86.ActiveCfg = Debug|Any CPU
		{8281ECBD-B3C7-422C-B546-5E458C35291D}.Debug|x86.Build.0 = Debug|Any CPU
		{8281ECBD-B3C7-422C-B546-5E458C35291D}.Release|Any CPU.ActiveCfg = Release|Any CPU
		{8281ECBD-B3C7-422C-B546-5E458C35291D}.Release|Any CPU.Build.0 = Release|Any CPU
		{8281ECBD-B3C7-422C-B546-5E458C35291D}.Release|ARM.ActiveCfg = Release|Any CPU
		{8281ECBD-B3C7-422C-B546-5E458C35291D}.Release|ARM.Build.0 = Release|Any CPU
		{8281ECBD-B3C7-422C-B546-5E458C35291D}.Release|x64.ActiveCfg = Release|Any CPU
		{8281ECBD-B3C7-422C-B546-5E458C35291D}.Release|x64.Build.0 = Release|Any CPU
		{8281ECBD-B3C7-422C-B546-5E458C35291D}.Release|x86.ActiveCfg = Release|Any CPU
		{8281ECBD-B3C7-422C-B546-5E458C35291D}.Release|x86.Build.0 = Release|Any CPU
		{F634DA72-93EF-4B5B-9122-B9BE7C0358FA}.Debug|Any CPU.ActiveCfg = Debug|Any CPU
		{F634DA72-93EF-4B5B-9122-B9BE7C0358FA}.Debug|Any CPU.Build.0 = Debug|Any CPU
		{F634DA72-93EF-4B5B-9122-B9BE7C0358FA}.Debug|ARM.ActiveCfg = Debug|Any CPU
		{F634DA72-93EF-4B5B-9122-B9BE7C0358FA}.Debug|ARM.Build.0 = Debug|Any CPU
		{F634DA72-93EF-4B5B-9122-B9BE7C0358FA}.Debug|x64.ActiveCfg = Debug|Any CPU
		{F634DA72-93EF-4B5B-9122-B9BE7C0358FA}.Debug|x64.Build.0 = Debug|Any CPU
		{F634DA72-93EF-4B5B-9122-B9BE7C0358FA}.Debug|x86.ActiveCfg = Debug|Any CPU
		{F634DA72-93EF-4B5B-9122-B9BE7C0358FA}.Debug|x86.Build.0 = Debug|Any CPU
		{F634DA72-93EF-4B5B-9122-B9BE7C0358FA}.Release|Any CPU.ActiveCfg = Release|Any CPU
		{F634DA72-93EF-4B5B-9122-B9BE7C0358FA}.Release|Any CPU.Build.0 = Release|Any CPU
		{F634DA72-93EF-4B5B-9122-B9BE7C0358FA}.Release|ARM.ActiveCfg = Release|Any CPU
		{F634DA72-93EF-4B5B-9122-B9BE7C0358FA}.Release|ARM.Build.0 = Release|Any CPU
		{F634DA72-93EF-4B5B-9122-B9BE7C0358FA}.Release|x64.ActiveCfg = Release|Any CPU
		{F634DA72-93EF-4B5B-9122-B9BE7C0358FA}.Release|x64.Build.0 = Release|Any CPU
		{F634DA72-93EF-4B5B-9122-B9BE7C0358FA}.Release|x86.ActiveCfg = Release|Any CPU
		{F634DA72-93EF-4B5B-9122-B9BE7C0358FA}.Release|x86.Build.0 = Release|Any CPU
		{2617DAC3-B974-4740-AAD3-CEF95E467EC4}.Debug|Any CPU.ActiveCfg = Debug|Any CPU
		{2617DAC3-B974-4740-AAD3-CEF95E467EC4}.Debug|Any CPU.Build.0 = Debug|Any CPU
		{2617DAC3-B974-4740-AAD3-CEF95E467EC4}.Debug|ARM.ActiveCfg = Debug|Any CPU
		{2617DAC3-B974-4740-AAD3-CEF95E467EC4}.Debug|ARM.Build.0 = Debug|Any CPU
		{2617DAC3-B974-4740-AAD3-CEF95E467EC4}.Debug|x64.ActiveCfg = Debug|Any CPU
		{2617DAC3-B974-4740-AAD3-CEF95E467EC4}.Debug|x64.Build.0 = Debug|Any CPU
		{2617DAC3-B974-4740-AAD3-CEF95E467EC4}.Debug|x86.ActiveCfg = Debug|Any CPU
		{2617DAC3-B974-4740-AAD3-CEF95E467EC4}.Debug|x86.Build.0 = Debug|Any CPU
		{2617DAC3-B974-4740-AAD3-CEF95E467EC4}.Release|Any CPU.ActiveCfg = Release|Any CPU
		{2617DAC3-B974-4740-AAD3-CEF95E467EC4}.Release|Any CPU.Build.0 = Release|Any CPU
		{2617DAC3-B974-4740-AAD3-CEF95E467EC4}.Release|ARM.ActiveCfg = Release|Any CPU
		{2617DAC3-B974-4740-AAD3-CEF95E467EC4}.Release|ARM.Build.0 = Release|Any CPU
		{2617DAC3-B974-4740-AAD3-CEF95E467EC4}.Release|x64.ActiveCfg = Release|Any CPU
		{2617DAC3-B974-4740-AAD3-CEF95E467EC4}.Release|x64.Build.0 = Release|Any CPU
		{2617DAC3-B974-4740-AAD3-CEF95E467EC4}.Release|x86.ActiveCfg = Release|Any CPU
		{2617DAC3-B974-4740-AAD3-CEF95E467EC4}.Release|x86.Build.0 = Release|Any CPU
		{A4BA0134-5ACA-48F3-A227-DE6FC789AA96}.Debug|Any CPU.ActiveCfg = Debug|Any CPU
		{A4BA0134-5ACA-48F3-A227-DE6FC789AA96}.Debug|Any CPU.Build.0 = Debug|Any CPU
		{A4BA0134-5ACA-48F3-A227-DE6FC789AA96}.Debug|ARM.ActiveCfg = Debug|Any CPU
		{A4BA0134-5ACA-48F3-A227-DE6FC789AA96}.Debug|ARM.Build.0 = Debug|Any CPU
		{A4BA0134-5ACA-48F3-A227-DE6FC789AA96}.Debug|x64.ActiveCfg = Debug|Any CPU
		{A4BA0134-5ACA-48F3-A227-DE6FC789AA96}.Debug|x64.Build.0 = Debug|Any CPU
		{A4BA0134-5ACA-48F3-A227-DE6FC789AA96}.Debug|x86.ActiveCfg = Debug|Any CPU
		{A4BA0134-5ACA-48F3-A227-DE6FC789AA96}.Debug|x86.Build.0 = Debug|Any CPU
		{A4BA0134-5ACA-48F3-A227-DE6FC789AA96}.Release|Any CPU.ActiveCfg = Release|Any CPU
		{A4BA0134-5ACA-48F3-A227-DE6FC789AA96}.Release|Any CPU.Build.0 = Release|Any CPU
		{A4BA0134-5ACA-48F3-A227-DE6FC789AA96}.Release|ARM.ActiveCfg = Release|Any CPU
		{A4BA0134-5ACA-48F3-A227-DE6FC789AA96}.Release|ARM.Build.0 = Release|Any CPU
		{A4BA0134-5ACA-48F3-A227-DE6FC789AA96}.Release|x64.ActiveCfg = Release|Any CPU
		{A4BA0134-5ACA-48F3-A227-DE6FC789AA96}.Release|x64.Build.0 = Release|Any CPU
		{A4BA0134-5ACA-48F3-A227-DE6FC789AA96}.Release|x86.ActiveCfg = Release|Any CPU
		{A4BA0134-5ACA-48F3-A227-DE6FC789AA96}.Release|x86.Build.0 = Release|Any CPU
		{ED9E3360-EE5D-4075-BAA6-A6C03F8184F7}.Debug|Any CPU.ActiveCfg = Debug|Any CPU
		{ED9E3360-EE5D-4075-BAA6-A6C03F8184F7}.Debug|Any CPU.Build.0 = Debug|Any CPU
		{ED9E3360-EE5D-4075-BAA6-A6C03F8184F7}.Debug|ARM.ActiveCfg = Debug|Any CPU
		{ED9E3360-EE5D-4075-BAA6-A6C03F8184F7}.Debug|ARM.Build.0 = Debug|Any CPU
		{ED9E3360-EE5D-4075-BAA6-A6C03F8184F7}.Debug|x64.ActiveCfg = Debug|Any CPU
		{ED9E3360-EE5D-4075-BAA6-A6C03F8184F7}.Debug|x64.Build.0 = Debug|Any CPU
		{ED9E3360-EE5D-4075-BAA6-A6C03F8184F7}.Debug|x86.ActiveCfg = Debug|Any CPU
		{ED9E3360-EE5D-4075-BAA6-A6C03F8184F7}.Debug|x86.Build.0 = Debug|Any CPU
		{ED9E3360-EE5D-4075-BAA6-A6C03F8184F7}.Release|Any CPU.ActiveCfg = Release|Any CPU
		{ED9E3360-EE5D-4075-BAA6-A6C03F8184F7}.Release|Any CPU.Build.0 = Release|Any CPU
		{ED9E3360-EE5D-4075-BAA6-A6C03F8184F7}.Release|ARM.ActiveCfg = Release|Any CPU
		{ED9E3360-EE5D-4075-BAA6-A6C03F8184F7}.Release|ARM.Build.0 = Release|Any CPU
		{ED9E3360-EE5D-4075-BAA6-A6C03F8184F7}.Release|x64.ActiveCfg = Release|Any CPU
		{ED9E3360-EE5D-4075-BAA6-A6C03F8184F7}.Release|x64.Build.0 = Release|Any CPU
		{ED9E3360-EE5D-4075-BAA6-A6C03F8184F7}.Release|x86.ActiveCfg = Release|Any CPU
		{ED9E3360-EE5D-4075-BAA6-A6C03F8184F7}.Release|x86.Build.0 = Release|Any CPU
		{4AEE8A8E-F439-45C0-BF71-B1F22151E024}.Debug|Any CPU.ActiveCfg = Debug|Any CPU
		{4AEE8A8E-F439-45C0-BF71-B1F22151E024}.Debug|Any CPU.Build.0 = Debug|Any CPU
		{4AEE8A8E-F439-45C0-BF71-B1F22151E024}.Debug|ARM.ActiveCfg = Debug|Any CPU
		{4AEE8A8E-F439-45C0-BF71-B1F22151E024}.Debug|ARM.Build.0 = Debug|Any CPU
		{4AEE8A8E-F439-45C0-BF71-B1F22151E024}.Debug|x64.ActiveCfg = Debug|Any CPU
		{4AEE8A8E-F439-45C0-BF71-B1F22151E024}.Debug|x64.Build.0 = Debug|Any CPU
		{4AEE8A8E-F439-45C0-BF71-B1F22151E024}.Debug|x86.ActiveCfg = Debug|Any CPU
		{4AEE8A8E-F439-45C0-BF71-B1F22151E024}.Debug|x86.Build.0 = Debug|Any CPU
		{4AEE8A8E-F439-45C0-BF71-B1F22151E024}.Release|Any CPU.ActiveCfg = Release|Any CPU
		{4AEE8A8E-F439-45C0-BF71-B1F22151E024}.Release|Any CPU.Build.0 = Release|Any CPU
		{4AEE8A8E-F439-45C0-BF71-B1F22151E024}.Release|ARM.ActiveCfg = Release|Any CPU
		{4AEE8A8E-F439-45C0-BF71-B1F22151E024}.Release|ARM.Build.0 = Release|Any CPU
		{4AEE8A8E-F439-45C0-BF71-B1F22151E024}.Release|x64.ActiveCfg = Release|Any CPU
		{4AEE8A8E-F439-45C0-BF71-B1F22151E024}.Release|x64.Build.0 = Release|Any CPU
		{4AEE8A8E-F439-45C0-BF71-B1F22151E024}.Release|x86.ActiveCfg = Release|Any CPU
		{4AEE8A8E-F439-45C0-BF71-B1F22151E024}.Release|x86.Build.0 = Release|Any CPU
		{299901CD-0464-4332-9ED2-D4E2A5BD5079}.Debug|Any CPU.ActiveCfg = Debug|Any CPU
		{299901CD-0464-4332-9ED2-D4E2A5BD5079}.Debug|Any CPU.Build.0 = Debug|Any CPU
		{299901CD-0464-4332-9ED2-D4E2A5BD5079}.Debug|ARM.ActiveCfg = Debug|Any CPU
		{299901CD-0464-4332-9ED2-D4E2A5BD5079}.Debug|ARM.Build.0 = Debug|Any CPU
		{299901CD-0464-4332-9ED2-D4E2A5BD5079}.Debug|x64.ActiveCfg = Debug|Any CPU
		{299901CD-0464-4332-9ED2-D4E2A5BD5079}.Debug|x64.Build.0 = Debug|Any CPU
		{299901CD-0464-4332-9ED2-D4E2A5BD5079}.Debug|x86.ActiveCfg = Debug|Any CPU
		{299901CD-0464-4332-9ED2-D4E2A5BD5079}.Debug|x86.Build.0 = Debug|Any CPU
		{299901CD-0464-4332-9ED2-D4E2A5BD5079}.Release|Any CPU.ActiveCfg = Release|Any CPU
		{299901CD-0464-4332-9ED2-D4E2A5BD5079}.Release|Any CPU.Build.0 = Release|Any CPU
		{299901CD-0464-4332-9ED2-D4E2A5BD5079}.Release|ARM.ActiveCfg = Release|Any CPU
		{299901CD-0464-4332-9ED2-D4E2A5BD5079}.Release|ARM.Build.0 = Release|Any CPU
		{299901CD-0464-4332-9ED2-D4E2A5BD5079}.Release|x64.ActiveCfg = Release|Any CPU
		{299901CD-0464-4332-9ED2-D4E2A5BD5079}.Release|x64.Build.0 = Release|Any CPU
		{299901CD-0464-4332-9ED2-D4E2A5BD5079}.Release|x86.ActiveCfg = Release|Any CPU
		{299901CD-0464-4332-9ED2-D4E2A5BD5079}.Release|x86.Build.0 = Release|Any CPU
		{3440BEBE-440F-47DD-9AE4-C52AA4E0652A}.Debug|Any CPU.ActiveCfg = Debug|Any CPU
		{3440BEBE-440F-47DD-9AE4-C52AA4E0652A}.Debug|Any CPU.Build.0 = Debug|Any CPU
		{3440BEBE-440F-47DD-9AE4-C52AA4E0652A}.Debug|ARM.ActiveCfg = Debug|Any CPU
		{3440BEBE-440F-47DD-9AE4-C52AA4E0652A}.Debug|ARM.Build.0 = Debug|Any CPU
		{3440BEBE-440F-47DD-9AE4-C52AA4E0652A}.Debug|x64.ActiveCfg = Debug|Any CPU
		{3440BEBE-440F-47DD-9AE4-C52AA4E0652A}.Debug|x64.Build.0 = Debug|Any CPU
		{3440BEBE-440F-47DD-9AE4-C52AA4E0652A}.Debug|x86.ActiveCfg = Debug|Any CPU
		{3440BEBE-440F-47DD-9AE4-C52AA4E0652A}.Debug|x86.Build.0 = Debug|Any CPU
		{3440BEBE-440F-47DD-9AE4-C52AA4E0652A}.Release|Any CPU.ActiveCfg = Release|Any CPU
		{3440BEBE-440F-47DD-9AE4-C52AA4E0652A}.Release|Any CPU.Build.0 = Release|Any CPU
		{3440BEBE-440F-47DD-9AE4-C52AA4E0652A}.Release|ARM.ActiveCfg = Release|Any CPU
		{3440BEBE-440F-47DD-9AE4-C52AA4E0652A}.Release|ARM.Build.0 = Release|Any CPU
		{3440BEBE-440F-47DD-9AE4-C52AA4E0652A}.Release|x64.ActiveCfg = Release|Any CPU
		{3440BEBE-440F-47DD-9AE4-C52AA4E0652A}.Release|x64.Build.0 = Release|Any CPU
		{3440BEBE-440F-47DD-9AE4-C52AA4E0652A}.Release|x86.ActiveCfg = Release|Any CPU
		{3440BEBE-440F-47DD-9AE4-C52AA4E0652A}.Release|x86.Build.0 = Release|Any CPU
	EndGlobalSection
	GlobalSection(SolutionProperties) = preSolution
		HideSolutionNode = FALSE
	EndGlobalSection
EndGlobal
